{
  "name": "yomitori-middleware",
  "version": "1.0.0",
  "lockfileVersion": 3,
  "requires": true,
  "packages": {
    "": {
      "name": "yomitori-middleware",
      "version": "1.0.0",
      "dependencies": {
        "@patdx/kuromoji": "^1.0.0"
      },
      "devDependencies": {
        "@types/node": "^20.0.0",
        "@types/restify": "^8.5.12",
        "typescript": "^5.0.0"
      }
    },
    "node_modules/@patdx/kuromoji": {
      "version": "1.0.4",
      "resolved": "https://registry.npmjs.org/@patdx/kuromoji/-/kuromoji-1.0.4.tgz",
      "integrity": "sha512-RyDyFh33XLxbsANNnai2h9LyR8AS1NCkqbO8Ts836g8cCb9XPBHQgzFjkja6PSGH8SKMaPUISIft7l9NUkm2PQ==",
      "license": "Apache-2.0"
    },
    "node_modules/@types/bunyan": {
      "version": "1.8.11",
      "resolved": "https://registry.npmjs.org/@types/bunyan/-/bunyan-1.8.11.tgz",
      "integrity": "sha512-758fRH7umIMk5qt5ELmRMff4mLDlN+xyYzC+dkPTdKwbSkJFvz6xwyScrytPU0QIBbRRwbiE8/BIg8bpajerNQ==",
      "dev": true,
      "license": "MIT",
      "dependencies": {
        "@types/node": "*"
      }
    },
    "node_modules/@types/formidable": {
      "version": "1.2.8",
      "resolved": "https://registry.npmjs.org/@types/formidable/-/formidable-1.2.8.tgz",
      "integrity": "sha512-6psvrUy5VDYb+yaPJReF1WrRsz+FBwyJutK9Twz1Efa27tm07bARNIkK2B8ZPWq80dXqpKfrxTO96xrtPp+AuA==",
      "dev": true,
      "license": "MIT",
      "dependencies": {
        "@types/node": "*"
      }
    },
    "node_modules/@types/node": {
      "version": "20.19.39",
      "resolved": "https://registry.npmjs.org/@types/node/-/node-20.19.39.tgz",
      "integrity": "sha512-orrrD74MBUyK8jOAD/r0+lfa1I2MO6I+vAkmAWzMYbCcgrN4lCrmK52gRFQq/JRxfYPfonkr4b0jcY7Olqdqbw==",
      "dev": true,
      "license": "MIT",
      "dependencies": {
        "undici-types": "~6.21.0"
      }
    },
    "node_modules/@types/restify": {
      "version": "8.5.12",
      "resolved": "https://registry.npmjs.org/@types/restify/-/restify-8.5.12.tgz",
      "integrity": "sha512-tW9y4O/B0gNIhin/88PzLTPgolkzOOrFK0IfgdiiYjGgjXI+PDTwp7QThhQy0p0l5FuNy59NW2PXU3Qx3r5cOQ==",
      "dev": true,
      "license": "MIT",
      "dependencies": {
        "@types/bunyan": "*",
        "@types/formidable": "^1",
        "@types/node": "*",
        "@types/spdy": "*"
      }
    },
    "node_modules/@types/spdy": {
      "version": "3.4.9",
      "resolved": "https://registry.npmjs.org/@types/spdy/-/spdy-3.4.9.tgz",
      "integrity": "sha512-ZYGzQrZX6j4GEy9x9+e4bjWOPOiZqFPm/3GnZ9xS0SMJqs+FbNiF6hBzr8EjSF2Z6TFY/PzUWOswUiRcZxW3FQ==",
      "dev": true,
      "license": "MIT",
      "dependencies": {
        "@types/node": "*"
      }
    },
    "node_modules/typescript": {
      "version": "5.9.3",
      "resolved": "https://registry.npmjs.org/typescript/-/typescript-5.9.3.tgz",
      "integrity": "sha512-jl1vZzPDinLr9eUt3J/t7V6FgNEw9QjvBPdysz9KfQDD41fQrC2Y4vKQdiaUpFT4bXlb1RHhLpp8wtm6M5TgSw==",
      "dev": true,
      "license": "Apache-2.0",
      "bin": {
        "tsc": "bin/tsc",
        "tsserver": "bin/tsserver"
      },
      "engines": {
        "node": ">=14.17"
      }
    },
    "node_modules/undici-types": {
      "version": "6.21.0",
      "resolved": "https://registry.npmjs.org/undici-types/-/undici-types-6.21.0.tgz",
      "integrity": "sha512-iwDZqg0QAGrg9Rav5H4n0M64c3mkR59cJ6wQp+7C4nI0gsmExaedaYLNO44eT4AtBBwjbTiGPMlt2Md0T9H9JQ==",
      "dev": true,
      "license": "MIT"
    }
  }
}
